
Microsoft Visual Studio Solution File, Format Version 12.00
# Visual Studio Version 16
VisualStudioVersion = 16.0.30907.101
MinimumVisualStudioVersion = 10.0.40219.1
Project("{FAE04EC0-301F-11D3-BF4B-00C04F79EFBC}") = "MyDictionary", "MyDictionary.csproj", "{6B318381-2DE7-453D-81B3-9C7D5ACE715E}"
EndProject
Global
	GlobalSection(SolutionConfigurationPlatforms) = preSolution
		Debug|Any CPU = Debug|Any CPU
		Release|Any CPU = Release|Any CPU
	EndGlobalSection
	GlobalSection(ProjectConfigurationPlatforms) = postSolution
		{6B318381-2DE7-453D-81B3-9C7D5ACE715E}.Debug|Any CPU.ActiveCfg = Debug|Any CPU
		{6B318381-2DE7-453D-81B3-9C7D5ACE715E}.Debug|Any CPU.Build.0 = Debug|Any CPU
		{6B318381-2DE7-453D-81B3-9C7D5ACE715E}.Release|Any CPU.ActiveCfg = Release|Any CPU
		{6B318381-2DE7-453D-81B3-9C7D5ACE715E}.Release|Any CPU.Build.0 = Release|Any CPU
	EndGlobalSection
	GlobalSection(SolutionProperties) = preSolution
		HideSolutionNode = FALSE
	EndGlobalSection
	GlobalSection(ExtensibilityGlobals) = postSolution
		SolutionGuid = {89E52789-364B-49D4-B71C-B4CD2B76FF20}
	EndGlobalSection
EndGlobal
